
Microsoft Visual Studio Solution File, Format Version 10.00
# Visual Studio 2008
Project("{FAE04EC0-301F-11D3-BF4B-00C04F79EFBC}") = "ICD.MetLife.RoomOS_SimplSharp", "ICD.MetLife.RoomOS\ICD.MetLife.RoomOS\ICD.MetLife.RoomOS_SimplSharp.csproj", "{A160656E-A329-4F2D-B576-F9A9E192C1C3}"
EndProject
Project("{FAE04EC0-301F-11D3-BF4B-00C04F79EFBC}") = "ICD.Common.Utils_SimplSharp", "ICD.Common.Utils\ICD.Common.Utils\ICD.Common.Utils_SimplSharp.csproj", "{CB4055C6-D59E-479E-9C56-2C92335A7D9A}"
EndProject
Project("{FAE04EC0-301F-11D3-BF4B-00C04F79EFBC}") = "ICD.Common.Logging.Console_SimplSharp", "ICD.Common.Logging\ICD.Common.Logging.Console\ICD.Common.Logging.Console_SimplSharp.csproj", "{8093AE94-7250-411E-9C55-68AB2B5D705A}"
EndProject
Project("{FAE04EC0-301F-11D3-BF4B-00C04F79EFBC}") = "ICD.Connect.Analytics.FusionPro_SimplSharp", "ICD.Connect.Analytics\ICD.Connect.Analytics.FusionPro\ICD.Connect.Analytics.FusionPro_SimplSharp.csproj", "{E0BBC879-638E-4D6D-9CFE-DF9F561B69D0}"
EndProject
Project("{FAE04EC0-301F-11D3-BF4B-00C04F79EFBC}") = "ICD.Connect.API_SimplSharp", "ICD.Connect.API\ICD.Connect.API\ICD.Connect.API_SimplSharp.csproj", "{727F5820-5A61-440D-8899-E454FE8238D7}"
EndProject
Project("{FAE04EC0-301F-11D3-BF4B-00C04F79EFBC}") = "ICD.Connect.Audio.ClockAudio_SimplSharp", "ICD.Connect.Audio\ICD.Connect.Audio.ClockAudio\ICD.Connect.Audio.ClockAudio_SimplSharp.csproj", "{DFDEA2A3-B470-4EBC-B959-338437340CAE}"
EndProject
Project("{FAE04EC0-301F-11D3-BF4B-00C04F79EFBC}") = "ICD.Connect.Audio.Shure_SimplSharp", "ICD.Connect.Audio\ICD.Connect.Audio.Shure\ICD.Connect.Audio.Shure_SimplSharp.csproj", "{AFEEC857-710B-4F94-B982-7BD8648904DD}"
EndProject
Project("{FAE04EC0-301F-11D3-BF4B-00C04F79EFBC}") = "ICD.Connect.Conferencing_SimplSharp", "ICD.Connect.Conferencing\ICD.Connect.Conferencing\ICD.Connect.Conferencing_SimplSharp.csproj", "{1CCA89DA-1F1C-4997-A94F-ABCE878BD6DE}"
EndProject
Project("{FAE04EC0-301F-11D3-BF4B-00C04F79EFBC}") = "ICD.Connect.Conferencing.Cisco_SimplSharp", "ICD.Connect.Conferencing\ICD.Connect.Conferencing.Cisco\ICD.Connect.Conferencing.Cisco_SimplSharp.csproj", "{B2DF3389-5C95-4CAF-BA30-3A4D0AAC9CE3}"
EndProject
Project("{FAE04EC0-301F-11D3-BF4B-00C04F79EFBC}") = "ICD.Connect.Devices_SimplSharp", "ICD.Connect.Devices\ICD.Connect.Devices\ICD.Connect.Devices_SimplSharp.csproj", "{FD46A717-5836-4B73-ADD0-2706639DA8ED}"
EndProject
Project("{FAE04EC0-301F-11D3-BF4B-00C04F79EFBC}") = "ICD.Connect.Displays_SimplSharp", "ICD.Connect.Displays\ICD.Connect.Displays\ICD.Connect.Displays_SimplSharp.csproj", "{FCC7D685-B801-43A5-AEB3-774442027A0D}"
EndProject
Project("{FAE04EC0-301F-11D3-BF4B-00C04F79EFBC}") = "ICD.Connect.Audio.Biamp_SimplSharp", "ICD.Connect.Audio\ICD.Connect.Audio.Biamp\ICD.Connect.Audio.Biamp_SimplSharp.csproj", "{6BF0A721-22BF-481E-9055-87E5507B6B8A}"
EndProject
Project("{FAE04EC0-301F-11D3-BF4B-00C04F79EFBC}") = "ICD.Connect.Displays.Christie_SimplSharp", "ICD.Connect.Displays\ICD.Connect.Displays.Christie\ICD.Connect.Displays.Christie_SimplSharp.csproj", "{CAEF06EE-DCCB-4578-9643-8EFCB21CF17B}"
EndProject
Project("{FAE04EC0-301F-11D3-BF4B-00C04F79EFBC}") = "ICD.Connect.Displays.Nec_SimplSharp", "ICD.Connect.Displays\ICD.Connect.Displays.Nec\ICD.Connect.Displays.Nec_SimplSharp.csproj", "{644555E9-3786-436E-B73E-22FC22E8B665}"
EndProject
Project("{FAE04EC0-301F-11D3-BF4B-00C04F79EFBC}") = "ICD.Connect.Displays.Samsung_SimplSharp", "ICD.Connect.Displays\ICD.Connect.Displays.Samsung\ICD.Connect.Displays.Samsung_SimplSharp.csproj", "{E091CD3C-6D0E-4BEB-AB7D-BF0C7887B805}"
EndProject
Project("{FAE04EC0-301F-11D3-BF4B-00C04F79EFBC}") = "ICD.Connect.Displays.Sharp_SimplSharp", "ICD.Connect.Displays\ICD.Connect.Displays.Sharp\ICD.Connect.Displays.Sharp_SimplSharp.csproj", "{1EA3B892-C4F7-42B7-8341-A62B81C97F06}"
EndProject
Project("{FAE04EC0-301F-11D3-BF4B-00C04F79EFBC}") = "ICD.Connect.Lighting_SimplSharp", "ICD.Connect.Lighting\ICD.Connect.Lighting\ICD.Connect.Lighting_SimplSharp.csproj", "{A519C705-5801-44BF-97B1-02DEA016380A}"
EndProject
Project("{FAE04EC0-301F-11D3-BF4B-00C04F79EFBC}") = "ICD.Connect.Lighting.Lutron_SimplSharp", "ICD.Connect.Lighting\ICD.Connect.Lighting.Lutron\ICD.Connect.Lighting.Lutron_SimplSharp.csproj", "{98D32CFB-4DDE-4BC8-8FD5-E6BA2F094E32}"
EndProject
Project("{FAE04EC0-301F-11D3-BF4B-00C04F79EFBC}") = "ICD.Connect.Misc.CrestronPro_SimplSharp", "ICD.Connect.Misc\ICD.Connect.Misc.CrestronPro\ICD.Connect.Misc.CrestronPro_SimplSharp.csproj", "{46CD87DE-F3EF-41D4-8783-9ECF21183765}"
EndProject
Project("{FAE04EC0-301F-11D3-BF4B-00C04F79EFBC}") = "ICD.Connect.Power.MiddleAtlantic_SimplSharp", "ICD.Connect.Misc\ICD.Connect.Power.MiddleAtlantic\ICD.Connect.Power.MiddleAtlantic_SimplSharp.csproj", "{03FD7CA6-81BC-4194-8D68-534D4FBB6885}"
EndProject
Project("{FAE04EC0-301F-11D3-BF4B-00C04F79EFBC}") = "ICD.Connect.TvPresets_SimplSharp", "ICD.Connect.Misc\ICD.Connect.TvPresets\ICD.Connect.TvPresets_SimplSharp.csproj", "{5752751F-FDEB-40A0-9249-6580A62A6D88}"
EndProject
Project("{FAE04EC0-301F-11D3-BF4B-00C04F79EFBC}") = "ICD.Connect.Panels_SimplSharp", "ICD.Connect.Panels\ICD.Connect.Panels\ICD.Connect.Panels_SimplSharp.csproj", "{A441FE98-6A8E-4EF3-98F0-D17041D2E118}"
EndProject
Project("{FAE04EC0-301F-11D3-BF4B-00C04F79EFBC}") = "ICD.Connect.Panels.CrestronPro_SimplSharp", "ICD.Connect.Panels\ICD.Connect.Panels.CrestronPro\ICD.Connect.Panels.CrestronPro_SimplSharp.csproj", "{8B2F1E99-BB66-4120-8B2C-EB4A2222AF5B}"
EndProject
Project("{FAE04EC0-301F-11D3-BF4B-00C04F79EFBC}") = "ICD.Connect.Protocol_SimplSharp", "ICD.Connect.Protocol\ICD.Connect.Protocol\ICD.Connect.Protocol_SimplSharp.csproj", "{2E4E01B8-D4EA-4FB1-9FCE-0A0DC8D83C8A}"
EndProject
Project("{FAE04EC0-301F-11D3-BF4B-00C04F79EFBC}") = "ICD.Connect.Protocol.Network_SimplSharp", "ICD.Connect.Protocol\ICD.Connect.Protocol.Network\ICD.Connect.Protocol.Network_SimplSharp.csproj", "{5ED52F05-EA6C-4FC5-8AA0-9B9727F6AECD}"
EndProject
Project("{FAE04EC0-301F-11D3-BF4B-00C04F79EFBC}") = "ICD.Connect.Rooms_SimplSharp", "ICD.Connect.Rooms\ICD.Connect.Rooms\ICD.Connect.Rooms_SimplSharp.csproj", "{42FB8CF0-6AE6-4C70-AFDD-DF95F07E077F}"
EndProject
Project("{FAE04EC0-301F-11D3-BF4B-00C04F79EFBC}") = "ICD.Connect.Routing_SimplSharp", "ICD.Connect.Routing\ICD.Connect.Routing\ICD.Connect.Routing_SimplSharp.csproj", "{B0C0CA1C-FA55-4BEA-8A8B-EDB2141C523E}"
EndProject
Project("{FAE04EC0-301F-11D3-BF4B-00C04F79EFBC}") = "ICD.Connect.Routing.CrestronPro_SimplSharp", "ICD.Connect.Routing\ICD.Connect.Routing.CrestronPro\ICD.Connect.Routing.CrestronPro_SimplSharp.csproj", "{E5E544B8-7483-4708-84BF-1C2CE8B962EB}"
EndProject
Project("{FAE04EC0-301F-11D3-BF4B-00C04F79EFBC}") = "ICD.Connect.Scheduling.Asure_SimplSharp", "ICD.Connect.Scheduling\ICD.Connect.Scheduling.Asure\ICD.Connect.Scheduling.Asure_SimplSharp.csproj", "{DCC7A642-1E5B-4709-BFB9-6A4836EAF77F}"
EndProject
Project("{FAE04EC0-301F-11D3-BF4B-00C04F79EFBC}") = "ICD.Connect.Settings_SimplSharp", "ICD.Connect.Settings\ICD.Connect.Settings\ICD.Connect.Settings_SimplSharp.csproj", "{5B84EB3C-1C3A-4C4D-98C2-69F67CF51D5A}"
EndProject
Project("{FAE04EC0-301F-11D3-BF4B-00C04F79EFBC}") = "ICD.Connect.Sources.TvTuner_SimplSharp", "ICD.Connect.Sources\ICD.Connect.Sources.TvTuner\ICD.Connect.Sources.TvTuner_SimplSharp.csproj", "{EE162C95-A9DB-459D-95B6-9E63D9816DC5}"
EndProject
Project("{FAE04EC0-301F-11D3-BF4B-00C04F79EFBC}") = "ICD.Connect.Sources.Barco_SimplSharp", "ICD.Connect.Sources\ICD.Connect.Sources.Barco\ICD.Connect.Sources.Barco_SimplSharp.csproj", "{48E2061F-98B2-416B-8941-A8A470D6F2DA}"
EndProject
Project("{FAE04EC0-301F-11D3-BF4B-00C04F79EFBC}") = "ICD.Connect.Sources.BarcoPro_SimplSharp", "ICD.Connect.Sources\ICD.Connect.Sources.BarcoPro\ICD.Connect.Sources.BarcoPro_SimplSharp.csproj", "{09CB66AB-37A7-4B0D-9696-87A0EAFD9D63}"
EndProject
Project("{FAE04EC0-301F-11D3-BF4B-00C04F79EFBC}") = "ICD.Connect.UI_SimplSharp", "ICD.Connect.UI\ICD.Connect.UI\ICD.Connect.UI_SimplSharp.csproj", "{89BF27D5-374B-4863-AD92-D217924D6D8F}"
EndProject
Project("{FAE04EC0-301F-11D3-BF4B-00C04F79EFBC}") = "ICD.Connect.Routing.Mock_SimplSharp", "ICD.Connect.Routing\ICD.Connect.Routing.Mock\ICD.Connect.Routing.Mock_SimplSharp.csproj", "{97A3B247-7928-461D-A083-077B4C875FFB}"
EndProject
Project("{FAE04EC0-301F-11D3-BF4B-00C04F79EFBC}") = "ICD.Connect.Core_SimplSharp", "ICD.Connect.Krang\ICD.Connect.Core\ICD.Connect.Core_SimplSharp.csproj", "{0B385B90-CA64-4665-B85B-0BCBBFC57EAF}"
EndProject
Project("{FAE04EC0-301F-11D3-BF4B-00C04F79EFBC}") = "ICD.Connect.Krang_SimplSharp", "ICD.Connect.Krang\ICD.Connect.Krang\ICD.Connect.Krang_SimplSharp.csproj", "{CC672DB0-ED3A-4579-809F-4261B345BA1D}"
EndProject
Project("{FAE04EC0-301F-11D3-BF4B-00C04F79EFBC}") = "ICD.Connect.Routing.SPlus_SimplSharp", "ICD.Connect.Routing\ICD.Connect.Routing.SPlus\ICD.Connect.Routing.SPlus_SimplSharp.csproj", "{6A03FD4D-3620-4B08-8C57-5291A3F0A213}"
EndProject
Project("{FAE04EC0-301F-11D3-BF4B-00C04F79EFBC}") = "ICD.Common.Permissions_SimplSharp", "ICD.Common.Permissions\ICD.Common.Permissions\ICD.Common.Permissions_SimplSharp.csproj", "{36A8C910-4035-4F68-B0B6-2EC2D18FD939}"
EndProject
Project("{FAE04EC0-301F-11D3-BF4B-00C04F79EFBC}") = "ICD.Connect.Partitions_SimplSharp", "ICD.Connect.Partitions\ICD.Connect.Partitions\ICD.Connect.Partitions_SimplSharp.csproj", "{03DF02BC-0FB1-4CBD-A471-B044C9E4BAAD}"
EndProject
Project("{FAE04EC0-301F-11D3-BF4B-00C04F79EFBC}") = "ICD.Connect.Cameras", "ICD.Connect.Cameras\ICD.Connect.Cameras.csproj", "{B13D593D-8BBF-4E20-ABD8-47C6095E7D3E}"
EndProject
Project("{FAE04EC0-301F-11D3-BF4B-00C04F79EFBC}") = "ICD.Connect.Cameras.Panasonic", "ICD.Connect.Cameras.Panasonic\ICD.Connect.Cameras.Panasonic.csproj", "{36C1267A-6BE1-45FB-BFF9-D26353335EF8}"
EndProject
Project("{FAE04EC0-301F-11D3-BF4B-00C04F79EFBC}") = "ICD.Connect.Cameras.Visca", "ICD.Connect.Cameras.Visca\ICD.Connect.Cameras.Visca.csproj", "{5ED268E3-7024-4E53-A2B1-46B09AE464D8}"
EndProject
Global
	GlobalSection(SolutionConfigurationPlatforms) = preSolution
		Debug|Any CPU = Debug|Any CPU
		Release|Any CPU = Release|Any CPU
	EndGlobalSection
	GlobalSection(ProjectConfigurationPlatforms) = postSolution
		{A160656E-A329-4F2D-B576-F9A9E192C1C3}.Debug|Any CPU.ActiveCfg = Debug|Any CPU
		{A160656E-A329-4F2D-B576-F9A9E192C1C3}.Debug|Any CPU.Build.0 = Debug|Any CPU
		{A160656E-A329-4F2D-B576-F9A9E192C1C3}.Release|Any CPU.ActiveCfg = Release|Any CPU
		{A160656E-A329-4F2D-B576-F9A9E192C1C3}.Release|Any CPU.Build.0 = Release|Any CPU
		{CB4055C6-D59E-479E-9C56-2C92335A7D9A}.Debug|Any CPU.ActiveCfg = Debug|Any CPU
		{CB4055C6-D59E-479E-9C56-2C92335A7D9A}.Debug|Any CPU.Build.0 = Debug|Any CPU
		{CB4055C6-D59E-479E-9C56-2C92335A7D9A}.Release|Any CPU.ActiveCfg = Release|Any CPU
		{CB4055C6-D59E-479E-9C56-2C92335A7D9A}.Release|Any CPU.Build.0 = Release|Any CPU
		{8093AE94-7250-411E-9C55-68AB2B5D705A}.Debug|Any CPU.ActiveCfg = Debug|Any CPU
		{8093AE94-7250-411E-9C55-68AB2B5D705A}.Debug|Any CPU.Build.0 = Debug|Any CPU
		{8093AE94-7250-411E-9C55-68AB2B5D705A}.Release|Any CPU.ActiveCfg = Release|Any CPU
		{8093AE94-7250-411E-9C55-68AB2B5D705A}.Release|Any CPU.Build.0 = Release|Any CPU
		{E0BBC879-638E-4D6D-9CFE-DF9F561B69D0}.Debug|Any CPU.ActiveCfg = Debug|Any CPU
		{E0BBC879-638E-4D6D-9CFE-DF9F561B69D0}.Debug|Any CPU.Build.0 = Debug|Any CPU
		{E0BBC879-638E-4D6D-9CFE-DF9F561B69D0}.Release|Any CPU.ActiveCfg = Release|Any CPU
		{E0BBC879-638E-4D6D-9CFE-DF9F561B69D0}.Release|Any CPU.Build.0 = Release|Any CPU
		{727F5820-5A61-440D-8899-E454FE8238D7}.Debug|Any CPU.ActiveCfg = Debug|Any CPU
		{727F5820-5A61-440D-8899-E454FE8238D7}.Debug|Any CPU.Build.0 = Debug|Any CPU
		{727F5820-5A61-440D-8899-E454FE8238D7}.Release|Any CPU.ActiveCfg = Release|Any CPU
		{727F5820-5A61-440D-8899-E454FE8238D7}.Release|Any CPU.Build.0 = Release|Any CPU
		{DFDEA2A3-B470-4EBC-B959-338437340CAE}.Debug|Any CPU.ActiveCfg = Debug|Any CPU
		{DFDEA2A3-B470-4EBC-B959-338437340CAE}.Debug|Any CPU.Build.0 = Debug|Any CPU
		{DFDEA2A3-B470-4EBC-B959-338437340CAE}.Release|Any CPU.ActiveCfg = Release|Any CPU
		{DFDEA2A3-B470-4EBC-B959-338437340CAE}.Release|Any CPU.Build.0 = Release|Any CPU
		{AFEEC857-710B-4F94-B982-7BD8648904DD}.Debug|Any CPU.ActiveCfg = Debug|Any CPU
		{AFEEC857-710B-4F94-B982-7BD8648904DD}.Debug|Any CPU.Build.0 = Debug|Any CPU
		{AFEEC857-710B-4F94-B982-7BD8648904DD}.Release|Any CPU.ActiveCfg = Release|Any CPU
		{AFEEC857-710B-4F94-B982-7BD8648904DD}.Release|Any CPU.Build.0 = Release|Any CPU
		{1CCA89DA-1F1C-4997-A94F-ABCE878BD6DE}.Debug|Any CPU.ActiveCfg = Debug|Any CPU
		{1CCA89DA-1F1C-4997-A94F-ABCE878BD6DE}.Debug|Any CPU.Build.0 = Debug|Any CPU
		{1CCA89DA-1F1C-4997-A94F-ABCE878BD6DE}.Release|Any CPU.ActiveCfg = Release|Any CPU
		{1CCA89DA-1F1C-4997-A94F-ABCE878BD6DE}.Release|Any CPU.Build.0 = Release|Any CPU
		{B2DF3389-5C95-4CAF-BA30-3A4D0AAC9CE3}.Debug|Any CPU.ActiveCfg = Debug|Any CPU
		{B2DF3389-5C95-4CAF-BA30-3A4D0AAC9CE3}.Debug|Any CPU.Build.0 = Debug|Any CPU
		{B2DF3389-5C95-4CAF-BA30-3A4D0AAC9CE3}.Release|Any CPU.ActiveCfg = Release|Any CPU
		{B2DF3389-5C95-4CAF-BA30-3A4D0AAC9CE3}.Release|Any CPU.Build.0 = Release|Any CPU
		{FD46A717-5836-4B73-ADD0-2706639DA8ED}.Debug|Any CPU.ActiveCfg = Debug|Any CPU
		{FD46A717-5836-4B73-ADD0-2706639DA8ED}.Debug|Any CPU.Build.0 = Debug|Any CPU
		{FD46A717-5836-4B73-ADD0-2706639DA8ED}.Release|Any CPU.ActiveCfg = Release|Any CPU
		{FD46A717-5836-4B73-ADD0-2706639DA8ED}.Release|Any CPU.Build.0 = Release|Any CPU
		{FCC7D685-B801-43A5-AEB3-774442027A0D}.Debug|Any CPU.ActiveCfg = Debug|Any CPU
		{FCC7D685-B801-43A5-AEB3-774442027A0D}.Debug|Any CPU.Build.0 = Debug|Any CPU
		{FCC7D685-B801-43A5-AEB3-774442027A0D}.Release|Any CPU.ActiveCfg = Release|Any CPU
		{FCC7D685-B801-43A5-AEB3-774442027A0D}.Release|Any CPU.Build.0 = Release|Any CPU
		{6BF0A721-22BF-481E-9055-87E5507B6B8A}.Debug|Any CPU.ActiveCfg = Debug|Any CPU
		{6BF0A721-22BF-481E-9055-87E5507B6B8A}.Debug|Any CPU.Build.0 = Debug|Any CPU
		{6BF0A721-22BF-481E-9055-87E5507B6B8A}.Release|Any CPU.ActiveCfg = Release|Any CPU
		{6BF0A721-22BF-481E-9055-87E5507B6B8A}.Release|Any CPU.Build.0 = Release|Any CPU
		{CAEF06EE-DCCB-4578-9643-8EFCB21CF17B}.Debug|Any CPU.ActiveCfg = Debug|Any CPU
		{CAEF06EE-DCCB-4578-9643-8EFCB21CF17B}.Debug|Any CPU.Build.0 = Debug|Any CPU
		{CAEF06EE-DCCB-4578-9643-8EFCB21CF17B}.Release|Any CPU.ActiveCfg = Release|Any CPU
		{CAEF06EE-DCCB-4578-9643-8EFCB21CF17B}.Release|Any CPU.Build.0 = Release|Any CPU
		{644555E9-3786-436E-B73E-22FC22E8B665}.Debug|Any CPU.ActiveCfg = Debug|Any CPU
		{644555E9-3786-436E-B73E-22FC22E8B665}.Debug|Any CPU.Build.0 = Debug|Any CPU
		{644555E9-3786-436E-B73E-22FC22E8B665}.Release|Any CPU.ActiveCfg = Release|Any CPU
		{644555E9-3786-436E-B73E-22FC22E8B665}.Release|Any CPU.Build.0 = Release|Any CPU
		{E091CD3C-6D0E-4BEB-AB7D-BF0C7887B805}.Debug|Any CPU.ActiveCfg = Debug|Any CPU
		{E091CD3C-6D0E-4BEB-AB7D-BF0C7887B805}.Debug|Any CPU.Build.0 = Debug|Any CPU
		{E091CD3C-6D0E-4BEB-AB7D-BF0C7887B805}.Release|Any CPU.ActiveCfg = Release|Any CPU
		{E091CD3C-6D0E-4BEB-AB7D-BF0C7887B805}.Release|Any CPU.Build.0 = Release|Any CPU
		{1EA3B892-C4F7-42B7-8341-A62B81C97F06}.Debug|Any CPU.ActiveCfg = Debug|Any CPU
		{1EA3B892-C4F7-42B7-8341-A62B81C97F06}.Debug|Any CPU.Build.0 = Debug|Any CPU
		{1EA3B892-C4F7-42B7-8341-A62B81C97F06}.Release|Any CPU.ActiveCfg = Release|Any CPU
		{1EA3B892-C4F7-42B7-8341-A62B81C97F06}.Release|Any CPU.Build.0 = Release|Any CPU
		{A519C705-5801-44BF-97B1-02DEA016380A}.Debug|Any CPU.ActiveCfg = Debug|Any CPU
		{A519C705-5801-44BF-97B1-02DEA016380A}.Debug|Any CPU.Build.0 = Debug|Any CPU
		{A519C705-5801-44BF-97B1-02DEA016380A}.Release|Any CPU.ActiveCfg = Release|Any CPU
		{A519C705-5801-44BF-97B1-02DEA016380A}.Release|Any CPU.Build.0 = Release|Any CPU
		{98D32CFB-4DDE-4BC8-8FD5-E6BA2F094E32}.Debug|Any CPU.ActiveCfg = Debug|Any CPU
		{98D32CFB-4DDE-4BC8-8FD5-E6BA2F094E32}.Debug|Any CPU.Build.0 = Debug|Any CPU
		{98D32CFB-4DDE-4BC8-8FD5-E6BA2F094E32}.Release|Any CPU.ActiveCfg = Release|Any CPU
		{98D32CFB-4DDE-4BC8-8FD5-E6BA2F094E32}.Release|Any CPU.Build.0 = Release|Any CPU
		{46CD87DE-F3EF-41D4-8783-9ECF21183765}.Debug|Any CPU.ActiveCfg = Debug|Any CPU
		{46CD87DE-F3EF-41D4-8783-9ECF21183765}.Debug|Any CPU.Build.0 = Debug|Any CPU
		{46CD87DE-F3EF-41D4-8783-9ECF21183765}.Release|Any CPU.ActiveCfg = Release|Any CPU
		{46CD87DE-F3EF-41D4-8783-9ECF21183765}.Release|Any CPU.Build.0 = Release|Any CPU
		{03FD7CA6-81BC-4194-8D68-534D4FBB6885}.Debug|Any CPU.ActiveCfg = Debug|Any CPU
		{03FD7CA6-81BC-4194-8D68-534D4FBB6885}.Debug|Any CPU.Build.0 = Debug|Any CPU
		{03FD7CA6-81BC-4194-8D68-534D4FBB6885}.Release|Any CPU.ActiveCfg = Release|Any CPU
		{03FD7CA6-81BC-4194-8D68-534D4FBB6885}.Release|Any CPU.Build.0 = Release|Any CPU
		{5752751F-FDEB-40A0-9249-6580A62A6D88}.Debug|Any CPU.ActiveCfg = Debug|Any CPU
		{5752751F-FDEB-40A0-9249-6580A62A6D88}.Debug|Any CPU.Build.0 = Debug|Any CPU
		{5752751F-FDEB-40A0-9249-6580A62A6D88}.Release|Any CPU.ActiveCfg = Release|Any CPU
		{5752751F-FDEB-40A0-9249-6580A62A6D88}.Release|Any CPU.Build.0 = Release|Any CPU
		{A441FE98-6A8E-4EF3-98F0-D17041D2E118}.Debug|Any CPU.ActiveCfg = Debug|Any CPU
		{A441FE98-6A8E-4EF3-98F0-D17041D2E118}.Debug|Any CPU.Build.0 = Debug|Any CPU
		{A441FE98-6A8E-4EF3-98F0-D17041D2E118}.Release|Any CPU.ActiveCfg = Release|Any CPU
		{A441FE98-6A8E-4EF3-98F0-D17041D2E118}.Release|Any CPU.Build.0 = Release|Any CPU
		{8B2F1E99-BB66-4120-8B2C-EB4A2222AF5B}.Debug|Any CPU.ActiveCfg = Debug|Any CPU
		{8B2F1E99-BB66-4120-8B2C-EB4A2222AF5B}.Debug|Any CPU.Build.0 = Debug|Any CPU
		{8B2F1E99-BB66-4120-8B2C-EB4A2222AF5B}.Release|Any CPU.ActiveCfg = Release|Any CPU
		{8B2F1E99-BB66-4120-8B2C-EB4A2222AF5B}.Release|Any CPU.Build.0 = Release|Any CPU
		{2E4E01B8-D4EA-4FB1-9FCE-0A0DC8D83C8A}.Debug|Any CPU.ActiveCfg = Debug|Any CPU
		{2E4E01B8-D4EA-4FB1-9FCE-0A0DC8D83C8A}.Debug|Any CPU.Build.0 = Debug|Any CPU
		{2E4E01B8-D4EA-4FB1-9FCE-0A0DC8D83C8A}.Release|Any CPU.ActiveCfg = Release|Any CPU
		{2E4E01B8-D4EA-4FB1-9FCE-0A0DC8D83C8A}.Release|Any CPU.Build.0 = Release|Any CPU
		{5ED52F05-EA6C-4FC5-8AA0-9B9727F6AECD}.Debug|Any CPU.ActiveCfg = Debug|Any CPU
		{5ED52F05-EA6C-4FC5-8AA0-9B9727F6AECD}.Debug|Any CPU.Build.0 = Debug|Any CPU
		{5ED52F05-EA6C-4FC5-8AA0-9B9727F6AECD}.Release|Any CPU.ActiveCfg = Release|Any CPU
		{5ED52F05-EA6C-4FC5-8AA0-9B9727F6AECD}.Release|Any CPU.Build.0 = Release|Any CPU
		{42FB8CF0-6AE6-4C70-AFDD-DF95F07E077F}.Debug|Any CPU.ActiveCfg = Debug|Any CPU
		{42FB8CF0-6AE6-4C70-AFDD-DF95F07E077F}.Debug|Any CPU.Build.0 = Debug|Any CPU
		{42FB8CF0-6AE6-4C70-AFDD-DF95F07E077F}.Release|Any CPU.ActiveCfg = Release|Any CPU
		{42FB8CF0-6AE6-4C70-AFDD-DF95F07E077F}.Release|Any CPU.Build.0 = Release|Any CPU
		{B0C0CA1C-FA55-4BEA-8A8B-EDB2141C523E}.Debug|Any CPU.ActiveCfg = Debug|Any CPU
		{B0C0CA1C-FA55-4BEA-8A8B-EDB2141C523E}.Debug|Any CPU.Build.0 = Debug|Any CPU
		{B0C0CA1C-FA55-4BEA-8A8B-EDB2141C523E}.Release|Any CPU.ActiveCfg = Release|Any CPU
		{B0C0CA1C-FA55-4BEA-8A8B-EDB2141C523E}.Release|Any CPU.Build.0 = Release|Any CPU
		{E5E544B8-7483-4708-84BF-1C2CE8B962EB}.Debug|Any CPU.ActiveCfg = Debug|Any CPU
		{E5E544B8-7483-4708-84BF-1C2CE8B962EB}.Debug|Any CPU.Build.0 = Debug|Any CPU
		{E5E544B8-7483-4708-84BF-1C2CE8B962EB}.Release|Any CPU.ActiveCfg = Release|Any CPU
		{E5E544B8-7483-4708-84BF-1C2CE8B962EB}.Release|Any CPU.Build.0 = Release|Any CPU
		{DCC7A642-1E5B-4709-BFB9-6A4836EAF77F}.Debug|Any CPU.ActiveCfg = Debug|Any CPU
		{DCC7A642-1E5B-4709-BFB9-6A4836EAF77F}.Debug|Any CPU.Build.0 = Debug|Any CPU
		{DCC7A642-1E5B-4709-BFB9-6A4836EAF77F}.Release|Any CPU.ActiveCfg = Release|Any CPU
		{DCC7A642-1E5B-4709-BFB9-6A4836EAF77F}.Release|Any CPU.Build.0 = Release|Any CPU
		{5B84EB3C-1C3A-4C4D-98C2-69F67CF51D5A}.Debug|Any CPU.ActiveCfg = Debug|Any CPU
		{5B84EB3C-1C3A-4C4D-98C2-69F67CF51D5A}.Debug|Any CPU.Build.0 = Debug|Any CPU
		{5B84EB3C-1C3A-4C4D-98C2-69F67CF51D5A}.Release|Any CPU.ActiveCfg = Release|Any CPU
		{5B84EB3C-1C3A-4C4D-98C2-69F67CF51D5A}.Release|Any CPU.Build.0 = Release|Any CPU
		{EE162C95-A9DB-459D-95B6-9E63D9816DC5}.Debug|Any CPU.ActiveCfg = Debug|Any CPU
		{EE162C95-A9DB-459D-95B6-9E63D9816DC5}.Debug|Any CPU.Build.0 = Debug|Any CPU
		{EE162C95-A9DB-459D-95B6-9E63D9816DC5}.Release|Any CPU.ActiveCfg = Release|Any CPU
		{EE162C95-A9DB-459D-95B6-9E63D9816DC5}.Release|Any CPU.Build.0 = Release|Any CPU
		{48E2061F-98B2-416B-8941-A8A470D6F2DA}.Debug|Any CPU.ActiveCfg = Debug|Any CPU
		{48E2061F-98B2-416B-8941-A8A470D6F2DA}.Debug|Any CPU.Build.0 = Debug|Any CPU
		{48E2061F-98B2-416B-8941-A8A470D6F2DA}.Release|Any CPU.ActiveCfg = Release|Any CPU
		{48E2061F-98B2-416B-8941-A8A470D6F2DA}.Release|Any CPU.Build.0 = Release|Any CPU
		{09CB66AB-37A7-4B0D-9696-87A0EAFD9D63}.Debug|Any CPU.ActiveCfg = Debug|Any CPU
		{09CB66AB-37A7-4B0D-9696-87A0EAFD9D63}.Debug|Any CPU.Build.0 = Debug|Any CPU
		{09CB66AB-37A7-4B0D-9696-87A0EAFD9D63}.Release|Any CPU.ActiveCfg = Release|Any CPU
		{09CB66AB-37A7-4B0D-9696-87A0EAFD9D63}.Release|Any CPU.Build.0 = Release|Any CPU
		{89BF27D5-374B-4863-AD92-D217924D6D8F}.Debug|Any CPU.ActiveCfg = Debug|Any CPU
		{89BF27D5-374B-4863-AD92-D217924D6D8F}.Debug|Any CPU.Build.0 = Debug|Any CPU
		{89BF27D5-374B-4863-AD92-D217924D6D8F}.Release|Any CPU.ActiveCfg = Release|Any CPU
		{89BF27D5-374B-4863-AD92-D217924D6D8F}.Release|Any CPU.Build.0 = Release|Any CPU
		{97A3B247-7928-461D-A083-077B4C875FFB}.Debug|Any CPU.ActiveCfg = Debug|Any CPU
		{97A3B247-7928-461D-A083-077B4C875FFB}.Debug|Any CPU.Build.0 = Debug|Any CPU
		{97A3B247-7928-461D-A083-077B4C875FFB}.Release|Any CPU.ActiveCfg = Release|Any CPU
		{97A3B247-7928-461D-A083-077B4C875FFB}.Release|Any CPU.Build.0 = Release|Any CPU
		{0B385B90-CA64-4665-B85B-0BCBBFC57EAF}.Debug|Any CPU.ActiveCfg = Debug|Any CPU
		{0B385B90-CA64-4665-B85B-0BCBBFC57EAF}.Debug|Any CPU.Build.0 = Debug|Any CPU
		{0B385B90-CA64-4665-B85B-0BCBBFC57EAF}.Release|Any CPU.ActiveCfg = Release|Any CPU
		{0B385B90-CA64-4665-B85B-0BCBBFC57EAF}.Release|Any CPU.Build.0 = Release|Any CPU
		{CC672DB0-ED3A-4579-809F-4261B345BA1D}.Debug|Any CPU.ActiveCfg = Debug|Any CPU
		{CC672DB0-ED3A-4579-809F-4261B345BA1D}.Debug|Any CPU.Build.0 = Debug|Any CPU
		{CC672DB0-ED3A-4579-809F-4261B345BA1D}.Release|Any CPU.ActiveCfg = Release|Any CPU
		{CC672DB0-ED3A-4579-809F-4261B345BA1D}.Release|Any CPU.Build.0 = Release|Any CPU
		{6A03FD4D-3620-4B08-8C57-5291A3F0A213}.Debug|Any CPU.ActiveCfg = Debug|Any CPU
		{6A03FD4D-3620-4B08-8C57-5291A3F0A213}.Debug|Any CPU.Build.0 = Debug|Any CPU
		{6A03FD4D-3620-4B08-8C57-5291A3F0A213}.Release|Any CPU.ActiveCfg = Release|Any CPU
		{6A03FD4D-3620-4B08-8C57-5291A3F0A213}.Release|Any CPU.Build.0 = Release|Any CPU
		{36A8C910-4035-4F68-B0B6-2EC2D18FD939}.Debug|Any CPU.ActiveCfg = Debug|Any CPU
		{36A8C910-4035-4F68-B0B6-2EC2D18FD939}.Debug|Any CPU.Build.0 = Debug|Any CPU
		{36A8C910-4035-4F68-B0B6-2EC2D18FD939}.Release|Any CPU.ActiveCfg = Release|Any CPU
		{36A8C910-4035-4F68-B0B6-2EC2D18FD939}.Release|Any CPU.Build.0 = Release|Any CPU
		{03DF02BC-0FB1-4CBD-A471-B044C9E4BAAD}.Debug|Any CPU.ActiveCfg = Debug|Any CPU
		{03DF02BC-0FB1-4CBD-A471-B044C9E4BAAD}.Debug|Any CPU.Build.0 = Debug|Any CPU
		{03DF02BC-0FB1-4CBD-A471-B044C9E4BAAD}.Release|Any CPU.ActiveCfg = Release|Any CPU
		{03DF02BC-0FB1-4CBD-A471-B044C9E4BAAD}.Release|Any CPU.Build.0 = Release|Any CPU
		{B13D593D-8BBF-4E20-ABD8-47C6095E7D3E}.Debug|Any CPU.ActiveCfg = Debug|Any CPU
		{B13D593D-8BBF-4E20-ABD8-47C6095E7D3E}.Debug|Any CPU.Build.0 = Debug|Any CPU
		{B13D593D-8BBF-4E20-ABD8-47C6095E7D3E}.Release|Any CPU.ActiveCfg = Release|Any CPU
		{B13D593D-8BBF-4E20-ABD8-47C6095E7D3E}.Release|Any CPU.Build.0 = Release|Any CPU
		{36C1267A-6BE1-45FB-BFF9-D26353335EF8}.Debug|Any CPU.ActiveCfg = Debug|Any CPU
		{36C1267A-6BE1-45FB-BFF9-D26353335EF8}.Debug|Any CPU.Build.0 = Debug|Any CPU
		{36C1267A-6BE1-45FB-BFF9-D26353335EF8}.Release|Any CPU.ActiveCfg = Release|Any CPU
		{36C1267A-6BE1-45FB-BFF9-D26353335EF8}.Release|Any CPU.Build.0 = Release|Any CPU
		{5ED268E3-7024-4E53-A2B1-46B09AE464D8}.Debug|Any CPU.ActiveCfg = Debug|Any CPU
		{5ED268E3-7024-4E53-A2B1-46B09AE464D8}.Debug|Any CPU.Build.0 = Debug|Any CPU
		{5ED268E3-7024-4E53-A2B1-46B09AE464D8}.Release|Any CPU.ActiveCfg = Release|Any CPU
		{5ED268E3-7024-4E53-A2B1-46B09AE464D8}.Release|Any CPU.Build.0 = Release|Any CPU
	EndGlobalSection
	GlobalSection(SolutionProperties) = preSolution
		HideSolutionNode = FALSE
	EndGlobalSection
EndGlobal
